// !$*UTF8*$!
{
	archiveVersion = 1;
	classes = {
	};
	objectVersion = 50;
	objects = {

/* Begin PBXBuildFile section */
		59BB1F50258767190061587F /* MeditateApp.swift in Sources */ = {isa = PBXBuildFile; fileRef = 59BB1F4F258767190061587F /* MeditateApp.swift */; };
		59BB1F52258767190061587F /* ContentView.swift in Sources */ = {isa = PBXBuildFile; fileRef = 59BB1F51258767190061587F /* ContentView.swift */; };
		59BB1F542587671A0061587F /* Assets.xcassets in Resources */ = {isa = PBXBuildFile; fileRef = 59BB1F532587671A0061587F /* Assets.xcassets */; };
		59BB1F572587671A0061587F /* Preview Assets.xcassets in Resources */ = {isa = PBXBuildFile; fileRef = 59BB1F562587671A0061587F /* Preview Assets.xcassets */; };
		59BB1F6025876B410061587F /* StartView.swift in Sources */ = {isa = PBXBuildFile; fileRef = 59BB1F5F25876B410061587F /* StartView.swift */; };
		59BB1F63258770340061587F /* TipView.swift in Sources */ = {isa = PBXBuildFile; fileRef = 59BB1F62258770340061587F /* TipView.swift */; };
		59BB1F692587B23E0061587F /* DrawingView.swift in Sources */ = {isa = PBXBuildFile; fileRef = 59BB1F682587B23E0061587F /* DrawingView.swift */; };
		59BB1F6D258A62D60061587F /* CardView.swift in Sources */ = {isa = PBXBuildFile; fileRef = 59BB1F6C258A62D60061587F /* CardView.swift */; };
		59BB1F70258A71700061587F /* Card.swift in Sources */ = {isa = PBXBuildFile; fileRef = 59BB1F6F258A71700061587F /* Card.swift */; };
		59D5CF1625A1EC0E00AB8DDD /* TimerCircleView.swift in Sources */ = {isa = PBXBuildFile; fileRef = 59D5CF1525A1EC0E00AB8DDD /* TimerCircleView.swift */; };
		59D5CF1925A3275900AB8DDD /* TimerModel.swift in Sources */ = {isa = PBXBuildFile; fileRef = 59D5CF1825A3275700AB8DDD /* TimerModel.swift */; };
		59D5CF1C25A3A18600AB8DDD /* StreakView.swift in Sources */ = {isa = PBXBuildFile; fileRef = 59D5CF1B25A3A18600AB8DDD /* StreakView.swift */; };
/* End PBXBuildFile section */

/* Begin PBXFileReference section */
		59BB1F4C258767190061587F /* Meditate.app */ = {isa = PBXFileReference; explicitFileType = wrapper.application; includeInIndex = 0; path = Meditate.app; sourceTree = BUILT_PRODUCTS_DIR; };
		59BB1F4F258767190061587F /* MeditateApp.swift */ = {isa = PBXFileReference; lastKnownFileType = sourcecode.swift; path = MeditateApp.swift; sourceTree = "<group>"; };
		59BB1F51258767190061587F /* ContentView.swift */ = {isa = PBXFileReference; lastKnownFileType = sourcecode.swift; path = ContentView.swift; sourceTree = "<group>"; };
		59BB1F532587671A0061587F /* Assets.xcassets */ = {isa = PBXFileReference; lastKnownFileType = folder.assetcatalog; path = Assets.xcassets; sourceTree = "<group>"; };
		59BB1F562587671A0061587F /* Preview Assets.xcassets */ = {isa = PBXFileReference; lastKnownFileType = folder.assetcatalog; path = "Preview Assets.xcassets"; sourceTree = "<group>"; };
		59BB1F582587671A0061587F /* Info.plist */ = {isa = PBXFileReference; lastKnownFileType = text.plist.xml; path = Info.plist; sourceTree = "<group>"; };
		59BB1F5F25876B410061587F /* StartView.swift */ = {isa = PBXFileReference; lastKnownFileType = sourcecode.swift; path = StartView.swift; sourceTree = "<group>"; };
		59BB1F62258770340061587F /* TipView.swift */ = {isa = PBXFileReference; lastKnownFileType = sourcecode.swift; path = TipView.swift; sourceTree = "<group>"; };
		59BB1F682587B23E0061587F /* DrawingView.swift */ = {isa = PBXFileReference; lastKnownFileType = sourcecode.swift; path = DrawingView.swift; sourceTree = "<group>"; };
		59BB1F6C258A62D60061587F /* CardView.swift */ = {isa = PBXFileReference; lastKnownFileType = sourcecode.swift; path = CardView.swift; sourceTree = "<group>"; };
		59BB1F6F258A71700061587F /* Card.swift */ = {isa = PBXFileReference; lastKnownFileType = sourcecode.swift; path = Card.swift; sourceTree = "<group>"; };
		59D5CF1525A1EC0E00AB8DDD /* TimerCircleView.swift */ = {isa = PBXFileReference; lastKnownFileType = sourcecode.swift; path = TimerCircleView.swift; sourceTree = "<group>"; };
		59D5CF1825A3275700AB8DDD /* TimerModel.swift */ = {isa = PBXFileReference; lastKnownFileType = sourcecode.swift; path = TimerModel.swift; sourceTree = "<group>"; };
		59D5CF1B25A3A18600AB8DDD /* StreakView.swift */ = {isa = PBXFileReference; lastKnownFileType = sourcecode.swift; path = StreakView.swift; sourceTree = "<group>"; };
/* End PBXFileReference section */

/* Begin PBXFrameworksBuildPhase section */
		59BB1F49258767190061587F /* Frameworks */ = {
			isa = PBXFrameworksBuildPhase;
			buildActionMask = 2147483647;
			files = (
			);
			runOnlyForDeploymentPostprocessing = 0;
		};
/* End PBXFrameworksBuildPhase section */

/* Begin PBXGroup section */
		59BB1F43258767190061587F = {
			isa = PBXGroup;
			children = (
				59BB1F4E258767190061587F /* Meditate */,
				59BB1F4D258767190061587F /* Products */,
			);
			sourceTree = "<group>";
		};
		59BB1F4D258767190061587F /* Products */ = {
			isa = PBXGroup;
			children = (
				59BB1F4C258767190061587F /* Meditate.app */,
			);
			name = Products;
			sourceTree = "<group>";
		};
		59BB1F4E258767190061587F /* Meditate */ = {
			isa = PBXGroup;
			children = (
				59BB1F4F258767190061587F /* MeditateApp.swift */,
				59BB1F51258767190061587F /* ContentView.swift */,
				59D5CF1B25A3A18600AB8DDD /* StreakView.swift */,
				59BB1F62258770340061587F /* TipView.swift */,
				59BB1F6C258A62D60061587F /* CardView.swift */,
				59BB1F6F258A71700061587F /* Card.swift */,
				59BB1F5F25876B410061587F /* StartView.swift */,
				59D5CF1525A1EC0E00AB8DDD /* TimerCircleView.swift */,
				59D5CF1825A3275700AB8DDD /* TimerModel.swift */,
				59BB1F682587B23E0061587F /* DrawingView.swift */,
				59BB1F532587671A0061587F /* Assets.xcassets */,
				59BB1F582587671A0061587F /* Info.plist */,
				59BB1F552587671A0061587F /* Preview Content */,
			);
			path = Meditate;
			sourceTree = "<group>";
		};
		59BB1F552587671A0061587F /* Preview Content */ = {
			isa = PBXGroup;
			children = (
				59BB1F562587671A0061587F /* Preview Assets.xcassets */,
			);
			path = "Preview Content";
			sourceTree = "<group>";
		};
/* End PBXGroup section */

/* Begin PBXNativeTarget section */
		59BB1F4B258767190061587F /* Meditate */ = {
			isa = PBXNativeTarget;
			buildConfigurationList = 59BB1F5B2587671A0061587F /* Build configuration list for PBXNativeTarget "Meditate" */;
			buildPhases = (
				59BB1F48258767190061587F /* Sources */,
				59BB1F49258767190061587F /* Frameworks */,
				59BB1F4A258767190061587F /* Resources */,
			);
			buildRules = (
			);
			dependencies = (
			);
			name = Meditate;
			productName = Meditate;
			productReference = 59BB1F4C258767190061587F /* Meditate.app */;
			productType = "com.apple.product-type.application";
		};
/* End PBXNativeTarget section */

/* Begin PBXProject section */
		59BB1F44258767190061587F /* Project object */ = {
			isa = PBXProject;
			attributes = {
				LastSwiftUpdateCheck = 1220;
				LastUpgradeCheck = 1220;
				TargetAttributes = {
					59BB1F4B258767190061587F = {
						CreatedOnToolsVersion = 12.2;
					};
				};
			};
			buildConfigurationList = 59BB1F47258767190061587F /* Build configuration list for PBXProject "Meditate" */;
			compatibilityVersion = "Xcode 9.3";
			developmentRegion = en;
			hasScannedForEncodings = 0;
			knownRegions = (
				en,
				Base,
			);
			mainGroup = 59BB1F43258767190061587F;
			productRefGroup = 59BB1F4D258767190061587F /* Products */;
			projectDirPath = "";
			projectRoot = "";
			targets = (
				59BB1F4B258767190061587F /* Meditate */,
			);
		};
/* End PBXProject section */

/* Begin PBXResourcesBuildPhase section */
		59BB1F4A258767190061587F /* Resources */ = {
			isa = PBXResourcesBuildPhase;
			buildActionMask = 2147483647;
			files = (
				59BB1F572587671A0061587F /* Preview Assets.xcassets in Resources */,
				59BB1F542587671A0061587F /* Assets.xcassets in Resources */,
			);
			runOnlyForDeploymentPostprocessing = 0;
		};
/* End PBXResourcesBuildPhase section */

/* Begin PBXSourcesBuildPhase section */
		59BB1F48258767190061587F /* Sources */ = {
			isa = PBXSourcesBuildPhase;
			buildActionMask = 2147483647;
			files = (
				59D5CF1C25A3A18600AB8DDD /* StreakView.swift in Sources */,
				59D5CF1925A3275900AB8DDD /* TimerModel.swift in Sources */,
				59BB1F6D258A62D60061587F /* CardView.swift in Sources */,
				59BB1F63258770340061587F /* TipView.swift in Sources */,
				59BB1F6025876B410061587F /* StartView.swift in Sources */,
				59BB1F692587B23E0061587F /* DrawingView.swift in Sources */,
				59BB1F52258767190061587F /* ContentView.swift in Sources */,
				59BB1F50258767190061587F /* MeditateApp.swift in Sources */,
				59D5CF1625A1EC0E00AB8DDD /* TimerCircleView.swift in Sources */,
				59BB1F70258A71700061587F /* Card.swift in Sources */,
			);
			runOnlyForDeploymentPostprocessing = 0;
		};
/* End PBXSourcesBuildPhase section */

/* Begin XCBuildConfiguration section */
		59BB1F592587671A0061587F /* Debug */ = {
			isa = XCBuildConfiguration;
			buildSettings = {
				ALWAYS_SEARCH_USER_PATHS = NO;
				CLANG_ANALYZER_NONNULL = YES;
				CLANG_ANALYZER_NUMBER_OBJECT_CONVERSION = YES_AGGRESSIVE;
				CLANG_CXX_LANGUAGE_STANDARD = "gnu++14";
				CLANG_CXX_LIBRARY = "libc++";
				CLANG_ENABLE_MODULES = YES;
				CLANG_ENABLE_OBJC_ARC = YES;
				CLANG_ENABLE_OBJC_WEAK = YES;
				CLANG_WARN_BLOCK_CAPTURE_AUTORELEASING = YES;
				CLANG_WARN_BOOL_CONVERSION = YES;
				CLANG_WARN_COMMA = YES;
				CLANG_WARN_CONSTANT_CONVERSION = YES;
				CLANG_WARN_DEPRECATED_OBJC_IMPLEMENTATIONS = YES;
				CLANG_WARN_DIRECT_OBJC_ISA_USAGE = YES_ERROR;
				CLANG_WARN_DOCUMENTATION_COMMENTS = YES;
				CLANG_WARN_EMPTY_BODY = YES;
				CLANG_WARN_ENUM_CONVERSION = YES;
				CLANG_WARN_INFINITE_RECURSION = YES;
				CLANG_WARN_INT_CONVERSION = YES;
				CLANG_WARN_NON_LITERAL_NULL_CONVERSION = YES;
				CLANG_WARN_OBJC_IMPLICIT_RETAIN_SELF = YES;
				CLANG_WARN_OBJC_LITERAL_CONVERSION = YES;
				CLANG_WARN_OBJC_ROOT_CLASS = YES_ERROR;
				CLANG_WARN_QUOTED_INCLUDE_IN_FRAMEWORK_HEADER = YES;
				CLANG_WARN_RANGE_LOOP_ANALYSIS = YES;
				CLANG_WARN_STRICT_PROTOTYPES = YES;
				CLANG_WARN_SUSPICIOUS_MOVE = YES;
				CLANG_WARN_UNGUARDED_AVAILABILITY = YES_AGGRESSIVE;
				CLANG_WARN_UNREACHABLE_CODE = YES;
				CLANG_WARN__DUPLICATE_METHOD_MATCH = YES;
				COPY_PHASE_STRIP = NO;
				DEBUG_INFORMATION_FORMAT = dwarf;
				ENABLE_STRICT_OBJC_MSGSEND = YES;
				ENABLE_TESTABILITY = YES;
				GCC_C_LANGUAGE_STANDARD = gnu11;
				GCC_DYNAMIC_NO_PIC = NO;
				GCC_NO_COMMON_BLOCKS = YES;
				GCC_OPTIMIZATION_LEVEL = 0;
				GCC_PREPROCESSOR_DEFINITIONS = (
					"DEBUG=1",
					"$(inherited)",
				);
				GCC_WARN_64_TO_32_BIT_CONVERSION = YES;
				GCC_WARN_ABOUT_RETURN_TYPE = YES_ERROR;
				GCC_WARN_UNDECLARED_SELECTOR = YES;
				GCC_WARN_UNINITIALIZED_AUTOS = YES_AGGRESSIVE;
				GCC_WARN_UNUSED_FUNCTION = YES;
				GCC_WARN_UNUSED_VARIABLE = YES;
				IPHONEOS_DEPLOYMENT_TARGET = 14.2;
				MTL_ENABLE_DEBUG_INFO = INCLUDE_SOURCE;
				MTL_FAST_MATH = YES;
				ONLY_ACTIVE_ARCH = YES;
				SDKROOT = iphoneos;
				SWIFT_ACTIVE_COMPILATION_CONDITIONS = DEBUG;
				SWIFT_OPTIMIZATION_LEVEL = "-Onone";
			};
			name = Debug;
		};
		59BB1F5A2587671A0061587F /* Release */ = {
			isa = XCBuildConfiguration;
			buildSettings = {
				ALWAYS_SEARCH_USER_PATHS = NO;
				CLANG_ANALYZER_NONNULL = YES;
				CLANG_ANALYZER_NUMBER_OBJECT_CONVERSION = YES_AGGRESSIVE;
				CLANG_CXX_LANGUAGE_STANDARD = "gnu++14";
				CLANG_CXX_LIBRARY = "libc++";
				CLANG_ENABLE_MODULES = YES;
				CLANG_ENABLE_OBJC_ARC = YES;
				CLANG_ENABLE_OBJC_WEAK = YES;
				CLANG_WARN_BLOCK_CAPTURE_AUTORELEASING = YES;
				CLANG_WARN_BOOL_CONVERSION = YES;
				CLANG_WARN_COMMA = YES;
				CLANG_WARN_CONSTANT_CONVERSION = YES;
				CLANG_WARN_DEPRECATED_OBJC_IMPLEMENTATIONS = YES;
				CLANG_WARN_DIRECT_OBJC_ISA_USAGE = YES_ERROR;
				CLANG_WARN_DOCUMENTATION_COMMENTS = YES;
				CLANG_WARN_EMPTY_BODY = YES;
				CLANG_WARN_ENUM_CONVERSION = YES;
				CLANG_WARN_INFINITE_RECURSION = YES;
				CLANG_WARN_INT_CONVERSION = YES;
				CLANG_WARN_NON_LITERAL_NULL_CONVERSION = YES;
				CLANG_WARN_OBJC_IMPLICIT_RETAIN_SELF = YES;
				CLANG_WARN_OBJC_LITERAL_CONVERSION = YES;
				CLANG_WARN_OBJC_ROOT_CLASS = YES_ERROR;
				CLANG_WARN_QUOTED_INCLUDE_IN_FRAMEWORK_HEADER = YES;
				CLANG_WARN_RANGE_LOOP_ANALYSIS = YES;
				CLANG_WARN_STRICT_PROTOTYPES = YES;
				CLANG_WARN_SUSPICIOUS_MOVE = YES;
				CLANG_WARN_UNGUARDED_AVAILABILITY = YES_AGGRESSIVE;
				CLANG_WARN_UNREACHABLE_CODE = YES;
				CLANG_WARN__DUPLICATE_METHOD_MATCH = YES;
				COPY_PHASE_STRIP = NO;
				DEBUG_INFORMATION_FORMAT = "dwarf-with-dsym";
				ENABLE_NS_ASSERTIONS = NO;
				ENABLE_STRICT_OBJC_MSGSEND = YES;
				GCC_C_LANGUAGE_STANDARD = gnu11;
				GCC_NO_COMMON_BLOCKS = YES;
				GCC_WARN_64_TO_32_BIT_CONVERSION = YES;
				GCC_WARN_ABOUT_RETURN_TYPE = YES_ERROR;
				GCC_WARN_UNDECLARED_SELECTOR = YES;
				GCC_WARN_UNINITIALIZED_AUTOS = YES_AGGRESSIVE;
				GCC_WARN_UNUSED_FUNCTION = YES;
				GCC_WARN_UNUSED_VARIABLE = YES;
				IPHONEOS_DEPLOYMENT_TARGET = 14.2;
				MTL_ENABLE_DEBUG_INFO = NO;
				MTL_FAST_MATH = YES;
				SDKROOT = iphoneos;
				SWIFT_COMPILATION_MODE = wholemodule;
				SWIFT_OPTIMIZATION_LEVEL = "-O";
				VALIDATE_PRODUCT = YES;
			};
			name = Release;
		};
		59BB1F5C2587671A0061587F /* Debug */ = {
			isa = XCBuildConfiguration;
			buildSettings = {
				ASSETCATALOG_COMPILER_APPICON_NAME = AppIcon;
				ASSETCATALOG_COMPILER_GLOBAL_ACCENT_COLOR_NAME = AccentColor;
				CODE_SIGN_STYLE = Automatic;
				DEVELOPMENT_ASSET_PATHS = "\"Meditate/Preview Content\"";
				DEVELOPMENT_TEAM = 68223M5AWX;
				ENABLE_PREVIEWS = YES;
				INFOPLIST_FILE = Meditate/Info.plist;
				IPHONEOS_DEPLOYMENT_TARGET = 14.0;
				LD_RUNPATH_SEARCH_PATHS = (
					"$(inherited)",
					"@executable_path/Frameworks",
				);
				PRODUCT_BUNDLE_IDENTIFIER = com.patrikcesnek.Meditate;
				PRODUCT_NAME = "$(TARGET_NAME)";
				SWIFT_VERSION = 5.0;
				TARGETED_DEVICE_FAMILY = "1,2";
			};
			name = Debug;
		};
		59BB1F5D2587671A0061587F /* Release */ = {
			isa = XCBuildConfiguration;
			buildSettings = {
				ASSETCATALOG_COMPILER_APPICON_NAME = AppIcon;
				ASSETCATALOG_COMPILER_GLOBAL_ACCENT_COLOR_NAME = AccentColor;
				CODE_SIGN_STYLE = Automatic;
				DEVELOPMENT_ASSET_PATHS = "\"Meditate/Preview Content\"";
				DEVELOPMENT_TEAM = 68223M5AWX;
				ENABLE_PREVIEWS = YES;
				INFOPLIST_FILE = Meditate/Info.plist;
				IPHONEOS_DEPLOYMENT_TARGET = 14.0;
				LD_RUNPATH_SEARCH_PATHS = (
					"$(inherited)",
					"@executable_path/Frameworks",
				);
				PRODUCT_BUNDLE_IDENTIFIER = com.patrikcesnek.Meditate;
				PRODUCT_NAME = "$(TARGET_NAME)";
				SWIFT_VERSION = 5.0;
				TARGETED_DEVICE_FAMILY = "1,2";
			};
			name = Release;
		};
/* End XCBuildConfiguration section */

/* Begin XCConfigurationList section */
		59BB1F47258767190061587F /* Build configuration list for PBXProject "Meditate" */ = {
			isa = XCConfigurationList;
			buildConfigurations = (
				59BB1F592587671A0061587F /* Debug */,
				59BB1F5A2587671A0061587F /* Release */,
			);
			defaultConfigurationIsVisible = 0;
			defaultConfigurationName = Release;
		};
		59BB1F5B2587671A0061587F /* Build configuration list for PBXNativeTarget "Meditate" */ = {
			isa = XCConfigurationList;
			buildConfigurations = (
				59BB1F5C2587671A0061587F /* Debug */,
				59BB1F5D2587671A0061587F /* Release */,
			);
			defaultConfigurationIsVisible = 0;
			defaultConfigurationName = Release;
		};
/* End XCConfigurationList section */
	};
	rootObject = 59BB1F44258767190061587F /* Project object */;
}
